
Microsoft Visual Studio Solution File, Format Version 12.00
# Visual Studio Version 17
VisualStudioVersion = 17.4.33103.184
MinimumVisualStudioVersion = 10.0.40219.1
Project("{9A19103F-16F7-4668-BE54-9A1E7A4F7556}") = "MultipleAuthentications", "MultipleAuthentications\MultipleAuthentications.csproj", "{C218EB81-DE33-481D-A7C0-3F259734B681}"
EndProject
Global
	GlobalSection(SolutionConfigurationPlatforms) = preSolution
		Debug|Any CPU = Debug|Any CPU
		Release|Any CPU = Release|Any CPU
	EndGlobalSection
	GlobalSection(ProjectConfigurationPlatforms) = postSolution
		{C218EB81-DE33-481D-A7C0-3F259734B681}.Debug|Any CPU.ActiveCfg = Debug|Any CPU
		{C218EB81-DE33-481D-A7C0-3F259734B681}.Debug|Any CPU.Build.0 = Debug|Any CPU
		{C218EB81-DE33-481D-A7C0-3F259734B681}.Release|Any CPU.ActiveCfg = Release|Any CPU
		{C218EB81-DE33-481D-A7C0-3F259734B681}.Release|Any CPU.Build.0 = Release|Any CPU
	EndGlobalSection
	GlobalSection(SolutionProperties) = preSolution
		HideSolutionNode = FALSE
	EndGlobalSection
	GlobalSection(ExtensibilityGlobals) = postSolution
		SolutionGuid = {18D22C3A-D330-4EB9-8299-C7596F8B45B9}
	EndGlobalSection
EndGlobal
